{
    "name": "timer",
    "version": "1.0.0",
    "lockfileVersion": 2,
    "requires": true,
    "packages": {
        "": {
            "name": "timer",
            "version": "1.0.0",
            "license": "ISC",
            "dependencies": {
                "ms-prettify": "^1.4.0"
            }
        },
        "node_modules/ms-prettify": {
            "version": "1.4.0",
            "resolved": "https://registry.npmjs.org/ms-prettify/-/ms-prettify-1.4.0.tgz",
            "integrity": "sha512-hOoWW3Mxvar1p8G1mNFbdzaZEl5sDVjpJHXb6s3eg56krLX7ps47HlgjW8ZzWCXz+FH7eGtJvNrrpGEjW9Oz5Q=="
        }
    },
    "dependencies": {
        "ms-prettify": {
            "version": "1.4.0",
            "resolved": "https://registry.npmjs.org/ms-prettify/-/ms-prettify-1.4.0.tgz",
            "integrity": "sha512-hOoWW3Mxvar1p8G1mNFbdzaZEl5sDVjpJHXb6s3eg56krLX7ps47HlgjW8ZzWCXz+FH7eGtJvNrrpGEjW9Oz5Q=="
        }
    }
}
